dependencies:
  espressif/esp_lcd_touch:
    dependencies: []
    source:
      path: /home/fais/punk.systems/code/esp32/wispr/components/espressif__esp_lcd_touch
      type: local
    version: 1.1.1
  espressif/esp_lcd_touch_gt911:
    dependencies: []
    source:
      path: /home/fais/punk.systems/code/esp32/wispr/components/espressif__esp_lcd_touch_gt911
      type: local
    version: 1.1.0
  idf:
    source:
      type: idf
    version: 5.3.0
  lvgl/lvgl:
    dependencies: []
    source:
      path: /home/fais/punk.systems/code/esp32/wispr/components/lvgl__lvgl
      type: local
    version: 8.3.11
direct_dependencies:
- espressif/esp_lcd_touch
- espressif/esp_lcd_touch_gt911
- idf
- lvgl/lvgl
manifest_hash: 50fcc817b8b0f2abe4687e0a79e4d744f24d069c6c6a4075e91eb61d073f6040
target: esp32s3
version: 2.0.0
