// !$*UTF8*$!
{
	archiveVersion = 1;
	classes = {
	};
	objectVersion = 77;
	objects = {

/* Begin PBXBuildFile section */
		3A0E91462DED09BA007B5EE7 /* AudioKit in Frameworks */ = {isa = PBXBuildFile; productRef = 3A0E91452DED09BA007B5EE7 /* AudioKit */; };
		3A0E91492DED09D4007B5EE7 /* AudioKitEX in Frameworks */ = {isa = PBXBuildFile; productRef = 3A0E91482DED09D4007B5EE7 /* AudioKitEX */; };
		3A0E914C2DED0B09007B5EE7 /* SwiftWhisper in Frameworks */ = {isa = PBXBuildFile; productRef = 3A0E914B2DED0B09007B5EE7 /* SwiftWhisper */; };
		3A0E914F2DED0B4D007B5EE7 /* AudioKitUI in Frameworks */ = {isa = PBXBuildFile; productRef = 3A0E914E2DED0B4D007B5EE7 /* AudioKitUI */; };
/* End PBXBuildFile section */

/* Begin PBXContainerItemProxy section */
		3A0E90EA2DECCB71007B5EE7 /* PBXContainerItemProxy */ = {
			isa = PBXContainerItemProxy;
			containerPortal = 3A0E90D12DECCB70007B5EE7 /* Project object */;
			proxyType = 1;
			remoteGlobalIDString = 3A0E90D82DECCB70007B5EE7;
			remoteInfo = "wisp-r";
		};
		3A0E90F42DECCB71007B5EE7 /* PBXContainerItemProxy */ = {
			isa = PBXContainerItemProxy;
			containerPortal = 3A0E90D12DECCB70007B5EE7 /* Project object */;
			proxyType = 1;
			remoteGlobalIDString = 3A0E90D82DECCB70007B5EE7;
			remoteInfo = "wisp-r";
		};
/* End PBXContainerItemProxy section */

/* Begin PBXFileReference section */
		3A0E90D92DECCB70007B5EE7 /* wisp-r.app */ = {isa = PBXFileReference; explicitFileType = wrapper.application; includeInIndex = 0; path = "wisp-r.app"; sourceTree = BUILT_PRODUCTS_DIR; };
		3A0E90E92DECCB71007B5EE7 /* wisp-rTests.xctest */ = {isa = PBXFileReference; explicitFileType = wrapper.cfbundle; includeInIndex = 0; path = "wisp-rTests.xctest"; sourceTree = BUILT_PRODUCTS_DIR; };
		3A0E90F32DECCB71007B5EE7 /* wisp-rUITests.xctest */ = {isa = PBXFileReference; explicitFileType = wrapper.cfbundle; includeInIndex = 0; path = "wisp-rUITests.xctest"; sourceTree = BUILT_PRODUCTS_DIR; };
/* End PBXFileReference section */

/* Begin PBXFileSystemSynchronizedBuildFileExceptionSet section */
		3A0E917E2DEDAFE4007B5EE7 /* Exceptions for "wisp-r" folder in "wisp-r" target */ = {
			isa = PBXFileSystemSynchronizedBuildFileExceptionSet;
			membershipExceptions = (
				Info.plist,
			);
			target = 3A0E90D82DECCB70007B5EE7 /* wisp-r */;
		};
/* End PBXFileSystemSynchronizedBuildFileExceptionSet section */

/* Begin PBXFileSystemSynchronizedRootGroup section */
		3A0E90DB2DECCB70007B5EE7 /* wisp-r */ = {
			isa = PBXFileSystemSynchronizedRootGroup;
			exceptions = (
				3A0E917E2DEDAFE4007B5EE7 /* Exceptions for "wisp-r" folder in "wisp-r" target */,
			);
			path = "wisp-r";
			sourceTree = "<group>";
		};
		3A0E90EC2DECCB71007B5EE7 /* wisp-rTests */ = {
			isa = PBXFileSystemSynchronizedRootGroup;
			path = "wisp-rTests";
			sourceTree = "<group>";
		};
		3A0E90F62DECCB71007B5EE7 /* wisp-rUITests */ = {
			isa = PBXFileSystemSynchronizedRootGroup;
			path = "wisp-rUITests";
			sourceTree = "<group>";
		};
/* End PBXFileSystemSynchronizedRootGroup section */

/* Begin PBXFrameworksBuildPhase section */
		3A0E90D62DECCB70007B5EE7 /* Frameworks */ = {
			isa = PBXFrameworksBuildPhase;
			buildActionMask = 2147483647;
			files = (
				3A0E91462DED09BA007B5EE7 /* AudioKit in Frameworks */,
				3A0E91492DED09D4007B5EE7 /* AudioKitEX in Frameworks */,
				3A0E914F2DED0B4D007B5EE7 /* AudioKitUI in Frameworks */,
				3A0E914C2DED0B09007B5EE7 /* SwiftWhisper in Frameworks */,
			);
			runOnlyForDeploymentPostprocessing = 0;
		};
		3A0E90E62DECCB71007B5EE7 /* Frameworks */ = {
			isa = PBXFrameworksBuildPhase;
			buildActionMask = 2147483647;
			files = (
			);
			runOnlyForDeploymentPostprocessing = 0;
		};
		3A0E90F02DECCB71007B5EE7 /* Frameworks */ = {
			isa = PBXFrameworksBuildPhase;
			buildActionMask = 2147483647;
			files = (
			);
			runOnlyForDeploymentPostprocessing = 0;
		};
/* End PBXFrameworksBuildPhase section */

/* Begin PBXGroup section */
		3A0E90D02DECCB70007B5EE7 = {
			isa = PBXGroup;
			children = (
				3A0E90DB2DECCB70007B5EE7 /* wisp-r */,
				3A0E90EC2DECCB71007B5EE7 /* wisp-rTests */,
				3A0E90F62DECCB71007B5EE7 /* wisp-rUITests */,
				3A0E90DA2DECCB70007B5EE7 /* Products */,
			);
			sourceTree = "<group>";
		};
		3A0E90DA2DECCB70007B5EE7 /* Products */ = {
			isa = PBXGroup;
			children = (
				3A0E90D92DECCB70007B5EE7 /* wisp-r.app */,
				3A0E90E92DECCB71007B5EE7 /* wisp-rTests.xctest */,
				3A0E90F32DECCB71007B5EE7 /* wisp-rUITests.xctest */,
			);
			name = Products;
			sourceTree = "<group>";
		};
/* End PBXGroup section */

/* Begin PBXNativeTarget section */
		3A0E90D82DECCB70007B5EE7 /* wisp-r */ = {
			isa = PBXNativeTarget;
			buildConfigurationList = 3A0E90FD2DECCB71007B5EE7 /* Build configuration list for PBXNativeTarget "wisp-r" */;
			buildPhases = (
				3A0E90D52DECCB70007B5EE7 /* Sources */,
				3A0E90D62DECCB70007B5EE7 /* Frameworks */,
				3A0E90D72DECCB70007B5EE7 /* Resources */,
			);
			buildRules = (
			);
			dependencies = (
			);
			fileSystemSynchronizedGroups = (
				3A0E90DB2DECCB70007B5EE7 /* wisp-r */,
			);
			name = "wisp-r";
			packageProductDependencies = (
				3A0E91452DED09BA007B5EE7 /* AudioKit */,
				3A0E91482DED09D4007B5EE7 /* AudioKitEX */,
				3A0E914B2DED0B09007B5EE7 /* SwiftWhisper */,
				3A0E914E2DED0B4D007B5EE7 /* AudioKitUI */,
			);
			productName = "wisp-r";
			productReference = 3A0E90D92DECCB70007B5EE7 /* wisp-r.app */;
			productType = "com.apple.product-type.application";
		};
		3A0E90E82DECCB71007B5EE7 /* wisp-rTests */ = {
			isa = PBXNativeTarget;
			buildConfigurationList = 3A0E91002DECCB71007B5EE7 /* Build configuration list for PBXNativeTarget "wisp-rTests" */;
			buildPhases = (
				3A0E90E52DECCB71007B5EE7 /* Sources */,
				3A0E90E62DECCB71007B5EE7 /* Frameworks */,
				3A0E90E72DECCB71007B5EE7 /* Resources */,
			);
			buildRules = (
			);
			dependencies = (
				3A0E90EB2DECCB71007B5EE7 /* PBXTargetDependency */,
			);
			fileSystemSynchronizedGroups = (
				3A0E90EC2DECCB71007B5EE7 /* wisp-rTests */,
			);
			name = "wisp-rTests";
			packageProductDependencies = (
			);
			productName = "wisp-rTests";
			productReference = 3A0E90E92DECCB71007B5EE7 /* wisp-rTests.xctest */;
			productType = "com.apple.product-type.bundle.unit-test";
		};
		3A0E90F22DECCB71007B5EE7 /* wisp-rUITests */ = {
			isa = PBXNativeTarget;
			buildConfigurationList = 3A0E91032DECCB71007B5EE7 /* Build configuration list for PBXNativeTarget "wisp-rUITests" */;
			buildPhases = (
				3A0E90EF2DECCB71007B5EE7 /* Sources */,
				3A0E90F02DECCB71007B5EE7 /* Frameworks */,
				3A0E90F12DECCB71007B5EE7 /* Resources */,
			);
			buildRules = (
			);
			dependencies = (
				3A0E90F52DECCB71007B5EE7 /* PBXTargetDependency */,
			);
			fileSystemSynchronizedGroups = (
				3A0E90F62DECCB71007B5EE7 /* wisp-rUITests */,
			);
			name = "wisp-rUITests";
			packageProductDependencies = (
			);
			productName = "wisp-rUITests";
			productReference = 3A0E90F32DECCB71007B5EE7 /* wisp-rUITests.xctest */;
			productType = "com.apple.product-type.bundle.ui-testing";
		};
/* End PBXNativeTarget section */

/* Begin PBXProject section */
		3A0E90D12DECCB70007B5EE7 /* Project object */ = {
			isa = PBXProject;
			attributes = {
				BuildIndependentTargetsInParallel = 1;
				LastSwiftUpdateCheck = 1640;
				LastUpgradeCheck = 1640;
				TargetAttributes = {
					3A0E90D82DECCB70007B5EE7 = {
						CreatedOnToolsVersion = 16.4;
					};
					3A0E90E82DECCB71007B5EE7 = {
						CreatedOnToolsVersion = 16.4;
						TestTargetID = 3A0E90D82DECCB70007B5EE7;
					};
					3A0E90F22DECCB71007B5EE7 = {
						CreatedOnToolsVersion = 16.4;
						TestTargetID = 3A0E90D82DECCB70007B5EE7;
					};
				};
			};
			buildConfigurationList = 3A0E90D42DECCB70007B5EE7 /* Build configuration list for PBXProject "wisp-r" */;
			developmentRegion = en;
			hasScannedForEncodings = 0;
			knownRegions = (
				en,
				Base,
			);
			mainGroup = 3A0E90D02DECCB70007B5EE7;
			minimizedProjectReferenceProxies = 1;
			packageReferences = (
				3A0E91442DED09BA007B5EE7 /* XCRemoteSwiftPackageReference "AudioKit" */,
				3A0E91472DED09D4007B5EE7 /* XCRemoteSwiftPackageReference "AudioKitEX" */,
				3A0E914A2DED0B09007B5EE7 /* XCRemoteSwiftPackageReference "SwiftWhisper" */,
				3A0E914D2DED0B4D007B5EE7 /* XCRemoteSwiftPackageReference "AudioKitUI" */,
			);
			preferredProjectObjectVersion = 77;
			productRefGroup = 3A0E90DA2DECCB70007B5EE7 /* Products */;
			projectDirPath = "";
			projectRoot = "";
			targets = (
				3A0E90D82DECCB70007B5EE7 /* wisp-r */,
				3A0E90E82DECCB71007B5EE7 /* wisp-rTests */,
				3A0E90F22DECCB71007B5EE7 /* wisp-rUITests */,
			);
		};
/* End PBXProject section */

/* Begin PBXResourcesBuildPhase section */
		3A0E90D72DECCB70007B5EE7 /* Resources */ = {
			isa = PBXResourcesBuildPhase;
			buildActionMask = 2147483647;
			files = (
			);
			runOnlyForDeploymentPostprocessing = 0;
		};
		3A0E90E72DECCB71007B5EE7 /* Resources */ = {
			isa = PBXResourcesBuildPhase;
			buildActionMask = 2147483647;
			files = (
			);
			runOnlyForDeploymentPostprocessing = 0;
		};
		3A0E90F12DECCB71007B5EE7 /* Resources */ = {
			isa = PBXResourcesBuildPhase;
			buildActionMask = 2147483647;
			files = (
			);
			runOnlyForDeploymentPostprocessing = 0;
		};
/* End PBXResourcesBuildPhase section */

/* Begin PBXSourcesBuildPhase section */
		3A0E90D52DECCB70007B5EE7 /* Sources */ = {
			isa = PBXSourcesBuildPhase;
			buildActionMask = 2147483647;
			files = (
			);
			runOnlyForDeploymentPostprocessing = 0;
		};
		3A0E90E52DECCB71007B5EE7 /* Sources */ = {
			isa = PBXSourcesBuildPhase;
			buildActionMask = 2147483647;
			files = (
			);
			runOnlyForDeploymentPostprocessing = 0;
		};
		3A0E90EF2DECCB71007B5EE7 /* Sources */ = {
			isa = PBXSourcesBuildPhase;
			buildActionMask = 2147483647;
			files = (
			);
			runOnlyForDeploymentPostprocessing = 0;
		};
/* End PBXSourcesBuildPhase section */

/* Begin PBXTargetDependency section */
		3A0E90EB2DECCB71007B5EE7 /* PBXTargetDependency */ = {
			isa = PBXTargetDependency;
			target = 3A0E90D82DECCB70007B5EE7 /* wisp-r */;
			targetProxy = 3A0E90EA2DECCB71007B5EE7 /* PBXContainerItemProxy */;
		};
		3A0E90F52DECCB71007B5EE7 /* PBXTargetDependency */ = {
			isa = PBXTargetDependency;
			target = 3A0E90D82DECCB70007B5EE7 /* wisp-r */;
			targetProxy = 3A0E90F42DECCB71007B5EE7 /* PBXContainerItemProxy */;
		};
/* End PBXTargetDependency section */

/* Begin XCBuildConfiguration section */
		3A0E90FB2DECCB71007B5EE7 /* Debug */ = {
			isa = XCBuildConfiguration;
			buildSettings = {
				ALWAYS_SEARCH_USER_PATHS = NO;
				ASSETCATALOG_COMPILER_GENERATE_SWIFT_ASSET_SYMBOL_EXTENSIONS = YES;
				CLANG_ANALYZER_NONNULL = YES;
				CLANG_ANALYZER_NUMBER_OBJECT_CONVERSION = YES_AGGRESSIVE;
				CLANG_CXX_LANGUAGE_STANDARD = "gnu++20";
				CLANG_ENABLE_MODULES = YES;
				CLANG_ENABLE_OBJC_ARC = YES;
				CLANG_ENABLE_OBJC_WEAK = YES;
				CLANG_WARN_BLOCK_CAPTURE_AUTORELEASING = YES;
				CLANG_WARN_BOOL_CONVERSION = YES;
				CLANG_WARN_COMMA = YES;
				CLANG_WARN_CONSTANT_CONVERSION = YES;
				CLANG_WARN_DEPRECATED_OBJC_IMPLEMENTATIONS = YES;
				CLANG_WARN_DIRECT_OBJC_ISA_USAGE = YES_ERROR;
				CLANG_WARN_DOCUMENTATION_COMMENTS = YES;
				CLANG_WARN_EMPTY_BODY = YES;
				CLANG_WARN_ENUM_CONVERSION = YES;
				CLANG_WARN_INFINITE_RECURSION = YES;
				CLANG_WARN_INT_CONVERSION = YES;
				CLANG_WARN_NON_LITERAL_NULL_CONVERSION = YES;
				CLANG_WARN_OBJC_IMPLICIT_RETAIN_SELF = YES;
				CLANG_WARN_OBJC_LITERAL_CONVERSION = YES;
				CLANG_WARN_OBJC_ROOT_CLASS = YES_ERROR;
				CLANG_WARN_QUOTED_INCLUDE_IN_FRAMEWORK_HEADER = YES;
				CLANG_WARN_RANGE_LOOP_ANALYSIS = YES;
				CLANG_WARN_STRICT_PROTOTYPES = YES;
				CLANG_WARN_SUSPICIOUS_MOVE = YES;
				CLANG_WARN_UNGUARDED_AVAILABILITY = YES_AGGRESSIVE;
				CLANG_WARN_UNREACHABLE_CODE = YES;
				CLANG_WARN__DUPLICATE_METHOD_MATCH = YES;
				COPY_PHASE_STRIP = NO;
				DEBUG_INFORMATION_FORMAT = dwarf;
				DEVELOPMENT_TEAM = 28PK8QN487;
				ENABLE_STRICT_OBJC_MSGSEND = YES;
				ENABLE_TESTABILITY = YES;
				ENABLE_USER_SCRIPT_SANDBOXING = YES;
				GCC_C_LANGUAGE_STANDARD = gnu17;
				GCC_DYNAMIC_NO_PIC = NO;
				GCC_NO_COMMON_BLOCKS = YES;
				GCC_OPTIMIZATION_LEVEL = 0;
				GCC_PREPROCESSOR_DEFINITIONS = (
					"DEBUG=1",
					"$(inherited)",
				);
				GCC_WARN_64_TO_32_BIT_CONVERSION = YES;
				GCC_WARN_ABOUT_RETURN_TYPE = YES_ERROR;
				GCC_WARN_UNDECLARED_SELECTOR = YES;
				GCC_WARN_UNINITIALIZED_AUTOS = YES_AGGRESSIVE;
				GCC_WARN_UNUSED_FUNCTION = YES;
				GCC_WARN_UNUSED_VARIABLE = YES;
				LOCALIZATION_PREFERS_STRING_CATALOGS = YES;
				MTL_ENABLE_DEBUG_INFO = INCLUDE_SOURCE;
				MTL_FAST_MATH = YES;
				ONLY_ACTIVE_ARCH = YES;
				SWIFT_ACTIVE_COMPILATION_CONDITIONS = "DEBUG $(inherited)";
				SWIFT_OPTIMIZATION_LEVEL = "-Onone";
			};
			name = Debug;
		};
		3A0E90FC2DECCB71007B5EE7 /* Release */ = {
			isa = XCBuildConfiguration;
			buildSettings = {
				ALWAYS_SEARCH_USER_PATHS = NO;
				ASSETCATALOG_COMPILER_GENERATE_SWIFT_ASSET_SYMBOL_EXTENSIONS = YES;
				CLANG_ANALYZER_NONNULL = YES;
				CLANG_ANALYZER_NUMBER_OBJECT_CONVERSION = YES_AGGRESSIVE;
				CLANG_CXX_LANGUAGE_STANDARD = "gnu++20";
				CLANG_ENABLE_MODULES = YES;
				CLANG_ENABLE_OBJC_ARC = YES;
				CLANG_ENABLE_OBJC_WEAK = YES;
				CLANG_WARN_BLOCK_CAPTURE_AUTORELEASING = YES;
				CLANG_WARN_BOOL_CONVERSION = YES;
				CLANG_WARN_COMMA = YES;
				CLANG_WARN_CONSTANT_CONVERSION = YES;
				CLANG_WARN_DEPRECATED_OBJC_IMPLEMENTATIONS = YES;
				CLANG_WARN_DIRECT_OBJC_ISA_USAGE = YES_ERROR;
				CLANG_WARN_DOCUMENTATION_COMMENTS = YES;
				CLANG_WARN_EMPTY_BODY = YES;
				CLANG_WARN_ENUM_CONVERSION = YES;
				CLANG_WARN_INFINITE_RECURSION = YES;
				CLANG_WARN_INT_CONVERSION = YES;
				CLANG_WARN_NON_LITERAL_NULL_CONVERSION = YES;
				CLANG_WARN_OBJC_IMPLICIT_RETAIN_SELF = YES;
				CLANG_WARN_OBJC_LITERAL_CONVERSION = YES;
				CLANG_WARN_OBJC_ROOT_CLASS = YES_ERROR;
				CLANG_WARN_QUOTED_INCLUDE_IN_FRAMEWORK_HEADER = YES;
				CLANG_WARN_RANGE_LOOP_ANALYSIS = YES;
				CLANG_WARN_STRICT_PROTOTYPES = YES;
				CLANG_WARN_SUSPICIOUS_MOVE = YES;
				CLANG_WARN_UNGUARDED_AVAILABILITY = YES_AGGRESSIVE;
				CLANG_WARN_UNREACHABLE_CODE = YES;
				CLANG_WARN__DUPLICATE_METHOD_MATCH = YES;
				COPY_PHASE_STRIP = NO;
				DEBUG_INFORMATION_FORMAT = "dwarf-with-dsym";
				DEVELOPMENT_TEAM = 28PK8QN487;
				ENABLE_NS_ASSERTIONS = NO;
				ENABLE_STRICT_OBJC_MSGSEND = YES;
				ENABLE_USER_SCRIPT_SANDBOXING = YES;
				GCC_C_LANGUAGE_STANDARD = gnu17;
				GCC_NO_COMMON_BLOCKS = YES;
				GCC_WARN_64_TO_32_BIT_CONVERSION = YES;
				GCC_WARN_ABOUT_RETURN_TYPE = YES_ERROR;
				GCC_WARN_UNDECLARED_SELECTOR = YES;
				GCC_WARN_UNINITIALIZED_AUTOS = YES_AGGRESSIVE;
				GCC_WARN_UNUSED_FUNCTION = YES;
				GCC_WARN_UNUSED_VARIABLE = YES;
				LOCALIZATION_PREFERS_STRING_CATALOGS = YES;
				MTL_ENABLE_DEBUG_INFO = NO;
				MTL_FAST_MATH = YES;
				SWIFT_COMPILATION_MODE = wholemodule;
			};
			name = Release;
		};
		3A0E90FE2DECCB71007B5EE7 /* Debug */ = {
			isa = XCBuildConfiguration;
			buildSettings = {
				ASSETCATALOG_COMPILER_APPICON_NAME = AppIcon;
				ASSETCATALOG_COMPILER_GLOBAL_ACCENT_COLOR_NAME = AccentColor;
				CODE_SIGN_ENTITLEMENTS = "wisp-r/wisp_r.entitlements";
				"CODE_SIGN_IDENTITY[sdk=macosx*]" = "Apple Development";
				CODE_SIGN_STYLE = Automatic;
				CURRENT_PROJECT_VERSION = 1;
				DEVELOPMENT_TEAM = 28PK8QN487;
				ENABLE_HARDENED_RUNTIME = YES;
				ENABLE_PREVIEWS = YES;
				GENERATE_INFOPLIST_FILE = YES;
				INFOPLIST_FILE = "wisp-r/Info.plist";
				INFOPLIST_KEY_NSCalendarsUsageDescription = "This app needs access to your calendar to display and create events.";
				INFOPLIST_KEY_NSMicrophoneUsageDescription = "This app needs access to the microphone to record audio.";
				"INFOPLIST_KEY_UIApplicationSceneManifest_Generation[sdk=iphoneos*]" = YES;
				"INFOPLIST_KEY_UIApplicationSceneManifest_Generation[sdk=iphonesimulator*]" = YES;
				"INFOPLIST_KEY_UIApplicationSupportsIndirectInputEvents[sdk=iphoneos*]" = YES;
				"INFOPLIST_KEY_UIApplicationSupportsIndirectInputEvents[sdk=iphonesimulator*]" = YES;
				"INFOPLIST_KEY_UILaunchScreen_Generation[sdk=iphoneos*]" = YES;
				"INFOPLIST_KEY_UILaunchScreen_Generation[sdk=iphonesimulator*]" = YES;
				"INFOPLIST_KEY_UIStatusBarStyle[sdk=iphoneos*]" = UIStatusBarStyleDefault;
				"INFOPLIST_KEY_UIStatusBarStyle[sdk=iphonesimulator*]" = UIStatusBarStyleDefault;
				INFOPLIST_KEY_UISupportedInterfaceOrientations = UIInterfaceOrientationPortrait;
				INFOPLIST_KEY_UISupportedInterfaceOrientations_iPad = "UIInterfaceOrientationLandscapeLeft UIInterfaceOrientationLandscapeRight UIInterfaceOrientationPortrait UIInterfaceOrientationPortraitUpsideDown";
				IPHONEOS_DEPLOYMENT_TARGET = 18;
				LD_RUNPATH_SEARCH_PATHS = "@executable_path/Frameworks";
				"LD_RUNPATH_SEARCH_PATHS[sdk=macosx*]" = "@executable_path/../Frameworks";
				MACOSX_DEPLOYMENT_TARGET = 14.0;
				MARKETING_VERSION = 1.0;
				PRODUCT_BUNDLE_IDENTIFIER = "com.wisp-r.app";
				PRODUCT_NAME = "$(TARGET_NAME)";
				REGISTER_APP_GROUPS = YES;
				SDKROOT = auto;
				SUPPORTED_PLATFORMS = "iphoneos iphonesimulator";
				SUPPORTS_MACCATALYST = NO;
				SWIFT_EMIT_LOC_STRINGS = YES;
				SWIFT_VERSION = 5.0;
				TARGETED_DEVICE_FAMILY = "1,2";
				XROS_DEPLOYMENT_TARGET = 2.5;
			};
			name = Debug;
		};
		3A0E90FF2DECCB71007B5EE7 /* Release */ = {
			isa = XCBuildConfiguration;
			buildSettings = {
				ASSETCATALOG_COMPILER_APPICON_NAME = AppIcon;
				ASSETCATALOG_COMPILER_GLOBAL_ACCENT_COLOR_NAME = AccentColor;
				CODE_SIGN_ENTITLEMENTS = "wisp-r/wisp_r.entitlements";
				"CODE_SIGN_IDENTITY[sdk=macosx*]" = "Apple Development";
				CODE_SIGN_STYLE = Automatic;
				CURRENT_PROJECT_VERSION = 1;
				DEVELOPMENT_TEAM = 28PK8QN487;
				ENABLE_HARDENED_RUNTIME = YES;
				ENABLE_PREVIEWS = YES;
				GENERATE_INFOPLIST_FILE = YES;
				INFOPLIST_FILE = "wisp-r/Info.plist";
				INFOPLIST_KEY_NSCalendarsUsageDescription = "This app needs access to your calendar to display and create events.";
				INFOPLIST_KEY_NSMicrophoneUsageDescription = "This app needs access to the microphone to record audio.";
				"INFOPLIST_KEY_UIApplicationSceneManifest_Generation[sdk=iphoneos*]" = YES;
				"INFOPLIST_KEY_UIApplicationSceneManifest_Generation[sdk=iphonesimulator*]" = YES;
				"INFOPLIST_KEY_UIApplicationSupportsIndirectInputEvents[sdk=iphoneos*]" = YES;
				"INFOPLIST_KEY_UIApplicationSupportsIndirectInputEvents[sdk=iphonesimulator*]" = YES;
				"INFOPLIST_KEY_UILaunchScreen_Generation[sdk=iphoneos*]" = YES;
				"INFOPLIST_KEY_UILaunchScreen_Generation[sdk=iphonesimulator*]" = YES;
				"INFOPLIST_KEY_UIStatusBarStyle[sdk=iphoneos*]" = UIStatusBarStyleDefault;
				"INFOPLIST_KEY_UIStatusBarStyle[sdk=iphonesimulator*]" = UIStatusBarStyleDefault;
				INFOPLIST_KEY_UISupportedInterfaceOrientations = UIInterfaceOrientationPortrait;
				INFOPLIST_KEY_UISupportedInterfaceOrientations_iPad = "UIInterfaceOrientationLandscapeLeft UIInterfaceOrientationLandscapeRight UIInterfaceOrientationPortrait UIInterfaceOrientationPortraitUpsideDown";
				IPHONEOS_DEPLOYMENT_TARGET = 18;
				LD_RUNPATH_SEARCH_PATHS = "@executable_path/Frameworks";
				"LD_RUNPATH_SEARCH_PATHS[sdk=macosx*]" = "@executable_path/../Frameworks";
				MACOSX_DEPLOYMENT_TARGET = 14.0;
				MARKETING_VERSION = 1.0;
				PRODUCT_BUNDLE_IDENTIFIER = "com.wisp-r.app";
				PRODUCT_NAME = "$(TARGET_NAME)";
				REGISTER_APP_GROUPS = YES;
				SDKROOT = auto;
				SUPPORTED_PLATFORMS = "iphoneos iphonesimulator";
				SUPPORTS_MACCATALYST = NO;
				SWIFT_EMIT_LOC_STRINGS = YES;
				SWIFT_VERSION = 5.0;
				TARGETED_DEVICE_FAMILY = "1,2";
				XROS_DEPLOYMENT_TARGET = 2.5;
			};
			name = Release;
		};
		3A0E91012DECCB71007B5EE7 /* Debug */ = {
			isa = XCBuildConfiguration;
			buildSettings = {
				BUNDLE_LOADER = "$(TEST_HOST)";
				CODE_SIGN_STYLE = Automatic;
				CURRENT_PROJECT_VERSION = 1;
				DEVELOPMENT_TEAM = 28PK8QN487;
				GENERATE_INFOPLIST_FILE = YES;
				IPHONEOS_DEPLOYMENT_TARGET = 18.5;
				MACOSX_DEPLOYMENT_TARGET = 15.5;
				MARKETING_VERSION = 1.0;
				PRODUCT_BUNDLE_IDENTIFIER = "punk.systems.wisp-rTests";
				PRODUCT_NAME = "$(TARGET_NAME)";
				SDKROOT = auto;
				SUPPORTED_PLATFORMS = "iphoneos iphonesimulator macosx xros xrsimulator";
				SWIFT_EMIT_LOC_STRINGS = NO;
				SWIFT_VERSION = 5.0;
				TARGETED_DEVICE_FAMILY = "1,2,7";
				TEST_HOST = "$(BUILT_PRODUCTS_DIR)/wisp-r.app/$(BUNDLE_EXECUTABLE_FOLDER_PATH)/wisp-r";
				XROS_DEPLOYMENT_TARGET = 2.5;
			};
			name = Debug;
		};
		3A0E91022DECCB71007B5EE7 /* Release */ = {
			isa = XCBuildConfiguration;
			buildSettings = {
				BUNDLE_LOADER = "$(TEST_HOST)";
				CODE_SIGN_STYLE = Automatic;
				CURRENT_PROJECT_VERSION = 1;
				DEVELOPMENT_TEAM = 28PK8QN487;
				GENERATE_INFOPLIST_FILE = YES;
				IPHONEOS_DEPLOYMENT_TARGET = 18.5;
				MACOSX_DEPLOYMENT_TARGET = 15.5;
				MARKETING_VERSION = 1.0;
				PRODUCT_BUNDLE_IDENTIFIER = "punk.systems.wisp-rTests";
				PRODUCT_NAME = "$(TARGET_NAME)";
				SDKROOT = auto;
				SUPPORTED_PLATFORMS = "iphoneos iphonesimulator macosx xros xrsimulator";
				SWIFT_EMIT_LOC_STRINGS = NO;
				SWIFT_VERSION = 5.0;
				TARGETED_DEVICE_FAMILY = "1,2,7";
				TEST_HOST = "$(BUILT_PRODUCTS_DIR)/wisp-r.app/$(BUNDLE_EXECUTABLE_FOLDER_PATH)/wisp-r";
				XROS_DEPLOYMENT_TARGET = 2.5;
			};
			name = Release;
		};
		3A0E91042DECCB71007B5EE7 /* Debug */ = {
			isa = XCBuildConfiguration;
			buildSettings = {
				CODE_SIGN_STYLE = Automatic;
				CURRENT_PROJECT_VERSION = 1;
				DEVELOPMENT_TEAM = 28PK8QN487;
				GENERATE_INFOPLIST_FILE = YES;
				IPHONEOS_DEPLOYMENT_TARGET = 18.5;
				MACOSX_DEPLOYMENT_TARGET = 15.5;
				MARKETING_VERSION = 1.0;
				PRODUCT_BUNDLE_IDENTIFIER = "punk.systems.wisp-rUITests";
				PRODUCT_NAME = "$(TARGET_NAME)";
				SDKROOT = auto;
				SUPPORTED_PLATFORMS = "iphoneos iphonesimulator macosx xros xrsimulator";
				SWIFT_EMIT_LOC_STRINGS = NO;
				SWIFT_VERSION = 5.0;
				TARGETED_DEVICE_FAMILY = "1,2,7";
				TEST_TARGET_NAME = "wisp-r";
				XROS_DEPLOYMENT_TARGET = 2.5;
			};
			name = Debug;
		};
		3A0E91052DECCB71007B5EE7 /* Release */ = {
			isa = XCBuildConfiguration;
			buildSettings = {
				CODE_SIGN_STYLE = Automatic;
				CURRENT_PROJECT_VERSION = 1;
				DEVELOPMENT_TEAM = 28PK8QN487;
				GENERATE_INFOPLIST_FILE = YES;
				IPHONEOS_DEPLOYMENT_TARGET = 18.5;
				MACOSX_DEPLOYMENT_TARGET = 15.5;
				MARKETING_VERSION = 1.0;
				PRODUCT_BUNDLE_IDENTIFIER = "punk.systems.wisp-rUITests";
				PRODUCT_NAME = "$(TARGET_NAME)";
				SDKROOT = auto;
				SUPPORTED_PLATFORMS = "iphoneos iphonesimulator macosx xros xrsimulator";
				SWIFT_EMIT_LOC_STRINGS = NO;
				SWIFT_VERSION = 5.0;
				TARGETED_DEVICE_FAMILY = "1,2,7";
				TEST_TARGET_NAME = "wisp-r";
				XROS_DEPLOYMENT_TARGET = 2.5;
			};
			name = Release;
		};
/* End XCBuildConfiguration section */

/* Begin XCConfigurationList section */
		3A0E90D42DECCB70007B5EE7 /* Build configuration list for PBXProject "wisp-r" */ = {
			isa = XCConfigurationList;
			buildConfigurations = (
				3A0E90FB2DECCB71007B5EE7 /* Debug */,
				3A0E90FC2DECCB71007B5EE7 /* Release */,
			);
			defaultConfigurationIsVisible = 0;
			defaultConfigurationName = Release;
		};
		3A0E90FD2DECCB71007B5EE7 /* Build configuration list for PBXNativeTarget "wisp-r" */ = {
			isa = XCConfigurationList;
			buildConfigurations = (
				3A0E90FE2DECCB71007B5EE7 /* Debug */,
				3A0E90FF2DECCB71007B5EE7 /* Release */,
			);
			defaultConfigurationIsVisible = 0;
			defaultConfigurationName = Release;
		};
		3A0E91002DECCB71007B5EE7 /* Build configuration list for PBXNativeTarget "wisp-rTests" */ = {
			isa = XCConfigurationList;
			buildConfigurations = (
				3A0E91012DECCB71007B5EE7 /* Debug */,
				3A0E91022DECCB71007B5EE7 /* Release */,
			);
			defaultConfigurationIsVisible = 0;
			defaultConfigurationName = Release;
		};
		3A0E91032DECCB71007B5EE7 /* Build configuration list for PBXNativeTarget "wisp-rUITests" */ = {
			isa = XCConfigurationList;
			buildConfigurations = (
				3A0E91042DECCB71007B5EE7 /* Debug */,
				3A0E91052DECCB71007B5EE7 /* Release */,
			);
			defaultConfigurationIsVisible = 0;
			defaultConfigurationName = Release;
		};
/* End XCConfigurationList section */

/* Begin XCRemoteSwiftPackageReference section */
		3A0E91442DED09BA007B5EE7 /* XCRemoteSwiftPackageReference "AudioKit" */ = {
			isa = XCRemoteSwiftPackageReference;
			repositoryURL = "https://github.com/AudioKit/AudioKit.git";
			requirement = {
				kind = upToNextMajorVersion;
				minimumVersion = 5.6.5;
			};
		};
		3A0E91472DED09D4007B5EE7 /* XCRemoteSwiftPackageReference "AudioKitEX" */ = {
			isa = XCRemoteSwiftPackageReference;
			repositoryURL = "https://github.com/AudioKit/AudioKitEX.git";
			requirement = {
				kind = upToNextMajorVersion;
				minimumVersion = 5.6.2;
			};
		};
		3A0E914A2DED0B09007B5EE7 /* XCRemoteSwiftPackageReference "SwiftWhisper" */ = {
			isa = XCRemoteSwiftPackageReference;
			repositoryURL = "https://github.com/exPHAT/SwiftWhisper.git";
			requirement = {
				kind = upToNextMajorVersion;
				minimumVersion = 1.2.0;
			};
		};
		3A0E914D2DED0B4D007B5EE7 /* XCRemoteSwiftPackageReference "AudioKitUI" */ = {
			isa = XCRemoteSwiftPackageReference;
			repositoryURL = "https://github.com/AudioKit/AudioKitUI.git";
			requirement = {
				kind = upToNextMajorVersion;
				minimumVersion = 0.3.7;
			};
		};
/* End XCRemoteSwiftPackageReference section */

/* Begin XCSwiftPackageProductDependency section */
		3A0E91452DED09BA007B5EE7 /* AudioKit */ = {
			isa = XCSwiftPackageProductDependency;
			package = 3A0E91442DED09BA007B5EE7 /* XCRemoteSwiftPackageReference "AudioKit" */;
			productName = AudioKit;
		};
		3A0E91482DED09D4007B5EE7 /* AudioKitEX */ = {
			isa = XCSwiftPackageProductDependency;
			package = 3A0E91472DED09D4007B5EE7 /* XCRemoteSwiftPackageReference "AudioKitEX" */;
			productName = AudioKitEX;
		};
		3A0E914B2DED0B09007B5EE7 /* SwiftWhisper */ = {
			isa = XCSwiftPackageProductDependency;
			package = 3A0E914A2DED0B09007B5EE7 /* XCRemoteSwiftPackageReference "SwiftWhisper" */;
			productName = SwiftWhisper;
		};
		3A0E914E2DED0B4D007B5EE7 /* AudioKitUI */ = {
			isa = XCSwiftPackageProductDependency;
			package = 3A0E914D2DED0B4D007B5EE7 /* XCRemoteSwiftPackageReference "AudioKitUI" */;
			productName = AudioKitUI;
		};
/* End XCSwiftPackageProductDependency section */
	};
	rootObject = 3A0E90D12DECCB70007B5EE7 /* Project object */;
}
