// !$*UTF8*$!
{
	archiveVersion = 1;
	classes = {
	};
	objectVersion = 77;
	objects = {

/* Begin PBXBuildFile section */
		11276B4AB0BD37F1DD8F7AB3 /* Models.swift in Sources */ = {isa = PBXBuildFile; fileRef = 7109F6C1D587CF20B03F4C12 /* Models.swift */; };
		18F27DD258DCA04F64C1C625 /* DayView.swift in Sources */ = {isa = PBXBuildFile; fileRef = 0DD2FCB26137F3F5975276C6 /* DayView.swift */; };
		4A5DB387EBB84B6A6A80D84E /* EventView.swift in Sources */ = {isa = PBXBuildFile; fileRef = 65962D364BFEAC464EAA3A34 /* EventView.swift */; };
		577027AFA829C1FD865FE3A7 /* Models.swift in Sources */ = {isa = PBXBuildFile; fileRef = 7109F6C1D587CF20B03F4C12 /* Models.swift */; };
		819F8AFC7065A5BC076D7AEE /* EventView.swift in Sources */ = {isa = PBXBuildFile; fileRef = 65962D364BFEAC464EAA3A34 /* EventView.swift */; };
		853DB6E2D2AB2A1AF35B7049 /* EventView.swift in Sources */ = {isa = PBXBuildFile; fileRef = 65962D364BFEAC464EAA3A34 /* EventView.swift */; };
		92A630C8706F24387F337AC3 /* SettingsView.swift in Sources */ = {isa = PBXBuildFile; fileRef = 740BEF1795CE57B97217CD9F /* SettingsView.swift */; };
		934191B48794AF858A334E2E /* TodoView.swift in Sources */ = {isa = PBXBuildFile; fileRef = D02E99DC4DBCD0BAA5B75CD8 /* TodoView.swift */; };
		9454F979D22080610372A897 /* Models.swift in Sources */ = {isa = PBXBuildFile; fileRef = 7109F6C1D587CF20B03F4C12 /* Models.swift */; };
		99EE3E16348B7D19995F874C /* SettingsView.swift in Sources */ = {isa = PBXBuildFile; fileRef = 740BEF1795CE57B97217CD9F /* SettingsView.swift */; };
		B86593CB52BC10AB2A772188 /* DayView.swift in Sources */ = {isa = PBXBuildFile; fileRef = 0DD2FCB26137F3F5975276C6 /* DayView.swift */; };
		E58B8650E91AECDADEC93F47 /* DayView.swift in Sources */ = {isa = PBXBuildFile; fileRef = 0DD2FCB26137F3F5975276C6 /* DayView.swift */; };
		F64CD9B02AD9962C151B7BD2 /* SettingsView.swift in Sources */ = {isa = PBXBuildFile; fileRef = 740BEF1795CE57B97217CD9F /* SettingsView.swift */; };
		FC7596506ECABBD05D106911 /* TodoView.swift in Sources */ = {isa = PBXBuildFile; fileRef = D02E99DC4DBCD0BAA5B75CD8 /* TodoView.swift */; };
		FFF2A966FCFBBA411B9CC41B /* TodoView.swift in Sources */ = {isa = PBXBuildFile; fileRef = D02E99DC4DBCD0BAA5B75CD8 /* TodoView.swift */; };
/* End PBXBuildFile section */

/* Begin PBXContainerItemProxy section */
		A273785C2CDE4BD100EFB230 /* PBXContainerItemProxy */ = {
			isa = PBXContainerItemProxy;
			containerPortal = A27378412CDE4BD000EFB230 /* Project object */;
			proxyType = 1;
			remoteGlobalIDString = A27378482CDE4BD000EFB230;
			remoteInfo = wispr;
		};
		A27378662CDE4BD100EFB230 /* PBXContainerItemProxy */ = {
			isa = PBXContainerItemProxy;
			containerPortal = A27378412CDE4BD000EFB230 /* Project object */;
			proxyType = 1;
			remoteGlobalIDString = A27378482CDE4BD000EFB230;
			remoteInfo = wispr;
		};
/* End PBXContainerItemProxy section */

/* Begin PBXFileReference section */
		0DD2FCB26137F3F5975276C6 /* DayView.swift */ = {isa = PBXFileReference; includeInIndex = 1; lastKnownFileType = sourcecode.swift; path = DayView.swift; sourceTree = "<group>"; };
		65962D364BFEAC464EAA3A34 /* EventView.swift */ = {isa = PBXFileReference; includeInIndex = 1; lastKnownFileType = sourcecode.swift; path = EventView.swift; sourceTree = "<group>"; };
		7109F6C1D587CF20B03F4C12 /* Models.swift */ = {isa = PBXFileReference; includeInIndex = 1; lastKnownFileType = sourcecode.swift; path = Models.swift; sourceTree = "<group>"; };
		740BEF1795CE57B97217CD9F /* SettingsView.swift */ = {isa = PBXFileReference; includeInIndex = 1; lastKnownFileType = sourcecode.swift; path = SettingsView.swift; sourceTree = "<group>"; };
		A27378492CDE4BD000EFB230 /* wispr.app */ = {isa = PBXFileReference; explicitFileType = wrapper.application; includeInIndex = 0; path = wispr.app; sourceTree = BUILT_PRODUCTS_DIR; };
		A273785B2CDE4BD100EFB230 /* wisprTests.xctest */ = {isa = PBXFileReference; explicitFileType = wrapper.cfbundle; includeInIndex = 0; path = wisprTests.xctest; sourceTree = BUILT_PRODUCTS_DIR; };
		A27378652CDE4BD100EFB230 /* wisprUITests.xctest */ = {isa = PBXFileReference; explicitFileType = wrapper.cfbundle; includeInIndex = 0; path = wisprUITests.xctest; sourceTree = BUILT_PRODUCTS_DIR; };
		D02E99DC4DBCD0BAA5B75CD8 /* TodoView.swift */ = {isa = PBXFileReference; includeInIndex = 1; lastKnownFileType = sourcecode.swift; path = TodoView.swift; sourceTree = "<group>"; };
/* End PBXFileReference section */

/* Begin PBXFileSystemSynchronizedBuildFileExceptionSet section */
		A2BA1DDD2CDEC0B300C97EA4 /* Exceptions for "wispr" folder in "wispr" target */ = {
			isa = PBXFileSystemSynchronizedBuildFileExceptionSet;
			membershipExceptions = (
				Info.plist,
			);
			target = A27378482CDE4BD000EFB230 /* wispr */;
		};
		A2CA14782CE7E49800C4D021 /* Exceptions for "Fonts" folder in "wisprTests" target */ = {
			isa = PBXFileSystemSynchronizedBuildFileExceptionSet;
			membershipExceptions = (
				"GohuFont/COPYING-LICENSE",
				"GohuFont/GohuFont11NerdFont-Regular.ttf",
				"GohuFont/GohuFont11NerdFontMono-Regular.ttf",
				"GohuFont/GohuFont11NerdFontPropo-Regular.ttf",
				"GohuFont/GohuFont14NerdFont-Regular.ttf",
				"GohuFont/GohuFont14NerdFontMono-Regular.ttf",
				"GohuFont/GohuFont14NerdFontPropo-Regular.ttf",
				"GohuFont/GohuFontuni11NerdFont-Regular.ttf",
				"GohuFont/GohuFontuni11NerdFontMono-Regular.ttf",
				"GohuFont/GohuFontuni11NerdFontPropo-Regular.ttf",
				"GohuFont/GohuFontuni14NerdFont-Regular.ttf",
				"GohuFont/GohuFontuni14NerdFontMono-Regular.ttf",
				"GohuFont/GohuFontuni14NerdFontPropo-Regular.ttf",
				GohuFont/README.md,
			);
			target = A273785A2CDE4BD100EFB230 /* wisprTests */;
		};
		A2CA14792CE7E49800C4D021 /* Exceptions for "Fonts" folder in "wisprUITests" target */ = {
			isa = PBXFileSystemSynchronizedBuildFileExceptionSet;
			membershipExceptions = (
				"GohuFont/COPYING-LICENSE",
				"GohuFont/GohuFont11NerdFont-Regular.ttf",
				"GohuFont/GohuFont11NerdFontMono-Regular.ttf",
				"GohuFont/GohuFont11NerdFontPropo-Regular.ttf",
				"GohuFont/GohuFont14NerdFont-Regular.ttf",
				"GohuFont/GohuFont14NerdFontMono-Regular.ttf",
				"GohuFont/GohuFont14NerdFontPropo-Regular.ttf",
				"GohuFont/GohuFontuni11NerdFont-Regular.ttf",
				"GohuFont/GohuFontuni11NerdFontMono-Regular.ttf",
				"GohuFont/GohuFontuni11NerdFontPropo-Regular.ttf",
				"GohuFont/GohuFontuni14NerdFont-Regular.ttf",
				"GohuFont/GohuFontuni14NerdFontMono-Regular.ttf",
				"GohuFont/GohuFontuni14NerdFontPropo-Regular.ttf",
				GohuFont/README.md,
			);
			target = A27378642CDE4BD100EFB230 /* wisprUITests */;
		};
/* End PBXFileSystemSynchronizedBuildFileExceptionSet section */

/* Begin PBXFileSystemSynchronizedRootGroup section */
		A273784B2CDE4BD000EFB230 /* wispr */ = {
			isa = PBXFileSystemSynchronizedRootGroup;
			exceptions = (
				A2BA1DDD2CDEC0B300C97EA4 /* Exceptions for "wispr" folder in "wispr" target */,
			);
			path = wispr;
			sourceTree = "<group>";
		};
		A273785E2CDE4BD100EFB230 /* wisprTests */ = {
			isa = PBXFileSystemSynchronizedRootGroup;
			exceptions = (
			);
			path = wisprTests;
			sourceTree = "<group>";
		};
		A27378682CDE4BD100EFB230 /* wisprUITests */ = {
			isa = PBXFileSystemSynchronizedRootGroup;
			exceptions = (
			);
			path = wisprUITests;
			sourceTree = "<group>";
		};
		A2CA143E2CE7E47100C4D021 /* Fonts */ = {
			isa = PBXFileSystemSynchronizedRootGroup;
			exceptions = (
				A2CA14782CE7E49800C4D021 /* Exceptions for "Fonts" folder in "wisprTests" target */,
				A2CA14792CE7E49800C4D021 /* Exceptions for "Fonts" folder in "wisprUITests" target */,
			);
			path = Fonts;
			sourceTree = "<group>";
		};
/* End PBXFileSystemSynchronizedRootGroup section */

/* Begin PBXFrameworksBuildPhase section */
		A27378462CDE4BD000EFB230 /* Frameworks */ = {
			isa = PBXFrameworksBuildPhase;
			buildActionMask = 2147483647;
			files = (
			);
			runOnlyForDeploymentPostprocessing = 0;
		};
		A27378582CDE4BD100EFB230 /* Frameworks */ = {
			isa = PBXFrameworksBuildPhase;
			buildActionMask = 2147483647;
			files = (
			);
			runOnlyForDeploymentPostprocessing = 0;
		};
		A27378622CDE4BD100EFB230 /* Frameworks */ = {
			isa = PBXFrameworksBuildPhase;
			buildActionMask = 2147483647;
			files = (
			);
			runOnlyForDeploymentPostprocessing = 0;
		};
/* End PBXFrameworksBuildPhase section */

/* Begin PBXGroup section */
		121320B1217AA2DCD9B01BA6 /* wispr */ = {
			isa = PBXGroup;
			children = (
				0DD2FCB26137F3F5975276C6 /* DayView.swift */,
				7109F6C1D587CF20B03F4C12 /* Models.swift */,
				D02E99DC4DBCD0BAA5B75CD8 /* TodoView.swift */,
				65962D364BFEAC464EAA3A34 /* EventView.swift */,
				740BEF1795CE57B97217CD9F /* SettingsView.swift */,
			);
			path = wispr;
			sourceTree = "<group>";
		};
		A27378402CDE4BD000EFB230 = {
			isa = PBXGroup;
			children = (
				A2CA143E2CE7E47100C4D021 /* Fonts */,
				A273784B2CDE4BD000EFB230 /* wispr */,
				A273785E2CDE4BD100EFB230 /* wisprTests */,
				A27378682CDE4BD100EFB230 /* wisprUITests */,
				A273784A2CDE4BD000EFB230 /* Products */,
			);
			sourceTree = "<group>";
		};
		A273784A2CDE4BD000EFB230 /* Products */ = {
			isa = PBXGroup;
			children = (
				A27378492CDE4BD000EFB230 /* wispr.app */,
				A273785B2CDE4BD100EFB230 /* wisprTests.xctest */,
				A27378652CDE4BD100EFB230 /* wisprUITests.xctest */,
				121320B1217AA2DCD9B01BA6 /* wispr */,
			);
			name = Products;
			sourceTree = "<group>";
		};
/* End PBXGroup section */

/* Begin PBXNativeTarget section */
		A27378482CDE4BD000EFB230 /* wispr */ = {
			isa = PBXNativeTarget;
			buildConfigurationList = A273786F2CDE4BD100EFB230 /* Build configuration list for PBXNativeTarget "wispr" */;
			buildPhases = (
				A27378452CDE4BD000EFB230 /* Sources */,
				A27378462CDE4BD000EFB230 /* Frameworks */,
				A27378472CDE4BD000EFB230 /* Resources */,
			);
			buildRules = (
			);
			dependencies = (
			);
			fileSystemSynchronizedGroups = (
				A273784B2CDE4BD000EFB230 /* wispr */,
				A2CA143E2CE7E47100C4D021 /* Fonts */,
			);
			name = wispr;
			productName = wispr;
			productReference = A27378492CDE4BD000EFB230 /* wispr.app */;
			productType = "com.apple.product-type.application";
		};
		A273785A2CDE4BD100EFB230 /* wisprTests */ = {
			isa = PBXNativeTarget;
			buildConfigurationList = A27378722CDE4BD100EFB230 /* Build configuration list for PBXNativeTarget "wisprTests" */;
			buildPhases = (
				A27378572CDE4BD100EFB230 /* Sources */,
				A27378582CDE4BD100EFB230 /* Frameworks */,
				A27378592CDE4BD100EFB230 /* Resources */,
			);
			buildRules = (
			);
			dependencies = (
				A273785D2CDE4BD100EFB230 /* PBXTargetDependency */,
			);
			fileSystemSynchronizedGroups = (
				A273785E2CDE4BD100EFB230 /* wisprTests */,
			);
			name = wisprTests;
			productName = wisprTests;
			productReference = A273785B2CDE4BD100EFB230 /* wisprTests.xctest */;
			productType = "com.apple.product-type.bundle.unit-test";
		};
		A27378642CDE4BD100EFB230 /* wisprUITests */ = {
			isa = PBXNativeTarget;
			buildConfigurationList = A27378752CDE4BD100EFB230 /* Build configuration list for PBXNativeTarget "wisprUITests" */;
			buildPhases = (
				A27378612CDE4BD100EFB230 /* Sources */,
				A27378622CDE4BD100EFB230 /* Frameworks */,
				A27378632CDE4BD100EFB230 /* Resources */,
			);
			buildRules = (
			);
			dependencies = (
				A27378672CDE4BD100EFB230 /* PBXTargetDependency */,
			);
			fileSystemSynchronizedGroups = (
				A27378682CDE4BD100EFB230 /* wisprUITests */,
			);
			name = wisprUITests;
			productName = wisprUITests;
			productReference = A27378652CDE4BD100EFB230 /* wisprUITests.xctest */;
			productType = "com.apple.product-type.bundle.ui-testing";
		};
/* End PBXNativeTarget section */

/* Begin PBXProject section */
		A27378412CDE4BD000EFB230 /* Project object */ = {
			isa = PBXProject;
			attributes = {
				BuildIndependentTargetsInParallel = 1;
				LastSwiftUpdateCheck = 1600;
				LastUpgradeCheck = 1600;
				TargetAttributes = {
					A27378482CDE4BD000EFB230 = {
						CreatedOnToolsVersion = 16.0;
					};
					A273785A2CDE4BD100EFB230 = {
						CreatedOnToolsVersion = 16.0;
						TestTargetID = A27378482CDE4BD000EFB230;
					};
					A27378642CDE4BD100EFB230 = {
						CreatedOnToolsVersion = 16.0;
						TestTargetID = A27378482CDE4BD000EFB230;
					};
				};
			};
			buildConfigurationList = A27378442CDE4BD000EFB230 /* Build configuration list for PBXProject "wispr" */;
			developmentRegion = en;
			hasScannedForEncodings = 0;
			knownRegions = (
				en,
				Base,
			);
			mainGroup = A27378402CDE4BD000EFB230;
			minimizedProjectReferenceProxies = 1;
			preferredProjectObjectVersion = 77;
			productRefGroup = A273784A2CDE4BD000EFB230 /* Products */;
			projectDirPath = "";
			projectRoot = "";
			targets = (
				A27378482CDE4BD000EFB230 /* wispr */,
				A273785A2CDE4BD100EFB230 /* wisprTests */,
				A27378642CDE4BD100EFB230 /* wisprUITests */,
			);
		};
/* End PBXProject section */

/* Begin PBXResourcesBuildPhase section */
		A27378472CDE4BD000EFB230 /* Resources */ = {
			isa = PBXResourcesBuildPhase;
			buildActionMask = 2147483647;
			files = (
			);
			runOnlyForDeploymentPostprocessing = 0;
		};
		A27378592CDE4BD100EFB230 /* Resources */ = {
			isa = PBXResourcesBuildPhase;
			buildActionMask = 2147483647;
			files = (
			);
			runOnlyForDeploymentPostprocessing = 0;
		};
		A27378632CDE4BD100EFB230 /* Resources */ = {
			isa = PBXResourcesBuildPhase;
			buildActionMask = 2147483647;
			files = (
			);
			runOnlyForDeploymentPostprocessing = 0;
		};
/* End PBXResourcesBuildPhase section */

/* Begin PBXSourcesBuildPhase section */
		A27378452CDE4BD000EFB230 /* Sources */ = {
			isa = PBXSourcesBuildPhase;
			buildActionMask = 2147483647;
			files = (
				18F27DD258DCA04F64C1C625 /* DayView.swift in Sources */,
				577027AFA829C1FD865FE3A7 /* Models.swift in Sources */,
				FC7596506ECABBD05D106911 /* TodoView.swift in Sources */,
				853DB6E2D2AB2A1AF35B7049 /* EventView.swift in Sources */,
				F64CD9B02AD9962C151B7BD2 /* SettingsView.swift in Sources */,
			);
			runOnlyForDeploymentPostprocessing = 0;
		};
		A27378572CDE4BD100EFB230 /* Sources */ = {
			isa = PBXSourcesBuildPhase;
			buildActionMask = 2147483647;
			files = (
				E58B8650E91AECDADEC93F47 /* DayView.swift in Sources */,
				11276B4AB0BD37F1DD8F7AB3 /* Models.swift in Sources */,
				934191B48794AF858A334E2E /* TodoView.swift in Sources */,
				819F8AFC7065A5BC076D7AEE /* EventView.swift in Sources */,
				99EE3E16348B7D19995F874C /* SettingsView.swift in Sources */,
			);
			runOnlyForDeploymentPostprocessing = 0;
		};
		A27378612CDE4BD100EFB230 /* Sources */ = {
			isa = PBXSourcesBuildPhase;
			buildActionMask = 2147483647;
			files = (
				B86593CB52BC10AB2A772188 /* DayView.swift in Sources */,
				9454F979D22080610372A897 /* Models.swift in Sources */,
				FFF2A966FCFBBA411B9CC41B /* TodoView.swift in Sources */,
				4A5DB387EBB84B6A6A80D84E /* EventView.swift in Sources */,
				92A630C8706F24387F337AC3 /* SettingsView.swift in Sources */,
			);
			runOnlyForDeploymentPostprocessing = 0;
		};
/* End PBXSourcesBuildPhase section */

/* Begin PBXTargetDependency section */
		A273785D2CDE4BD100EFB230 /* PBXTargetDependency */ = {
			isa = PBXTargetDependency;
			target = A27378482CDE4BD000EFB230 /* wispr */;
			targetProxy = A273785C2CDE4BD100EFB230 /* PBXContainerItemProxy */;
		};
		A27378672CDE4BD100EFB230 /* PBXTargetDependency */ = {
			isa = PBXTargetDependency;
			target = A27378482CDE4BD000EFB230 /* wispr */;
			targetProxy = A27378662CDE4BD100EFB230 /* PBXContainerItemProxy */;
		};
/* End PBXTargetDependency section */

/* Begin XCBuildConfiguration section */
		A273786D2CDE4BD100EFB230 /* Debug */ = {
			isa = XCBuildConfiguration;
			buildSettings = {
				ALWAYS_SEARCH_USER_PATHS = NO;
				ASSETCATALOG_COMPILER_GENERATE_SWIFT_ASSET_SYMBOL_EXTENSIONS = YES;
				CLANG_ANALYZER_NONNULL = YES;
				CLANG_ANALYZER_NUMBER_OBJECT_CONVERSION = YES_AGGRESSIVE;
				CLANG_CXX_LANGUAGE_STANDARD = "gnu++20";
				CLANG_ENABLE_MODULES = YES;
				CLANG_ENABLE_OBJC_ARC = YES;
				CLANG_ENABLE_OBJC_WEAK = YES;
				CLANG_WARN_BLOCK_CAPTURE_AUTORELEASING = YES;
				CLANG_WARN_BOOL_CONVERSION = YES;
				CLANG_WARN_COMMA = YES;
				CLANG_WARN_CONSTANT_CONVERSION = YES;
				CLANG_WARN_DEPRECATED_OBJC_IMPLEMENTATIONS = YES;
				CLANG_WARN_DIRECT_OBJC_ISA_USAGE = YES_ERROR;
				CLANG_WARN_DOCUMENTATION_COMMENTS = YES;
				CLANG_WARN_EMPTY_BODY = YES;
				CLANG_WARN_ENUM_CONVERSION = YES;
				CLANG_WARN_INFINITE_RECURSION = YES;
				CLANG_WARN_INT_CONVERSION = YES;
				CLANG_WARN_NON_LITERAL_NULL_CONVERSION = YES;
				CLANG_WARN_OBJC_IMPLICIT_RETAIN_SELF = YES;
				CLANG_WARN_OBJC_LITERAL_CONVERSION = YES;
				CLANG_WARN_OBJC_ROOT_CLASS = YES_ERROR;
				CLANG_WARN_QUOTED_INCLUDE_IN_FRAMEWORK_HEADER = YES;
				CLANG_WARN_RANGE_LOOP_ANALYSIS = YES;
				CLANG_WARN_STRICT_PROTOTYPES = YES;
				CLANG_WARN_SUSPICIOUS_MOVE = YES;
				CLANG_WARN_UNGUARDED_AVAILABILITY = YES_AGGRESSIVE;
				CLANG_WARN_UNREACHABLE_CODE = YES;
				CLANG_WARN__DUPLICATE_METHOD_MATCH = YES;
				COPY_PHASE_STRIP = NO;
				DEBUG_INFORMATION_FORMAT = dwarf;
				ENABLE_STRICT_OBJC_MSGSEND = YES;
				ENABLE_TESTABILITY = YES;
				ENABLE_USER_SCRIPT_SANDBOXING = YES;
				GCC_C_LANGUAGE_STANDARD = gnu17;
				GCC_DYNAMIC_NO_PIC = NO;
				GCC_NO_COMMON_BLOCKS = YES;
				GCC_OPTIMIZATION_LEVEL = 0;
				GCC_PREPROCESSOR_DEFINITIONS = (
					"DEBUG=1",
					"$(inherited)",
				);
				GCC_WARN_64_TO_32_BIT_CONVERSION = YES;
				GCC_WARN_ABOUT_RETURN_TYPE = YES_ERROR;
				GCC_WARN_UNDECLARED_SELECTOR = YES;
				GCC_WARN_UNINITIALIZED_AUTOS = YES_AGGRESSIVE;
				GCC_WARN_UNUSED_FUNCTION = YES;
				GCC_WARN_UNUSED_VARIABLE = YES;
				IPHONEOS_DEPLOYMENT_TARGET = 18.0;
				LOCALIZATION_PREFERS_STRING_CATALOGS = YES;
				MTL_ENABLE_DEBUG_INFO = INCLUDE_SOURCE;
				MTL_FAST_MATH = YES;
				ONLY_ACTIVE_ARCH = YES;
				SDKROOT = iphoneos;
				SWIFT_ACTIVE_COMPILATION_CONDITIONS = "DEBUG $(inherited)";
				SWIFT_OPTIMIZATION_LEVEL = "-Onone";
			};
			name = Debug;
		};
		A273786E2CDE4BD100EFB230 /* Release */ = {
			isa = XCBuildConfiguration;
			buildSettings = {
				ALWAYS_SEARCH_USER_PATHS = NO;
				ASSETCATALOG_COMPILER_GENERATE_SWIFT_ASSET_SYMBOL_EXTENSIONS = YES;
				CLANG_ANALYZER_NONNULL = YES;
				CLANG_ANALYZER_NUMBER_OBJECT_CONVERSION = YES_AGGRESSIVE;
				CLANG_CXX_LANGUAGE_STANDARD = "gnu++20";
				CLANG_ENABLE_MODULES = YES;
				CLANG_ENABLE_OBJC_ARC = YES;
				CLANG_ENABLE_OBJC_WEAK = YES;
				CLANG_WARN_BLOCK_CAPTURE_AUTORELEASING = YES;
				CLANG_WARN_BOOL_CONVERSION = YES;
				CLANG_WARN_COMMA = YES;
				CLANG_WARN_CONSTANT_CONVERSION = YES;
				CLANG_WARN_DEPRECATED_OBJC_IMPLEMENTATIONS = YES;
				CLANG_WARN_DIRECT_OBJC_ISA_USAGE = YES_ERROR;
				CLANG_WARN_DOCUMENTATION_COMMENTS = YES;
				CLANG_WARN_EMPTY_BODY = YES;
				CLANG_WARN_ENUM_CONVERSION = YES;
				CLANG_WARN_INFINITE_RECURSION = YES;
				CLANG_WARN_INT_CONVERSION = YES;
				CLANG_WARN_NON_LITERAL_NULL_CONVERSION = YES;
				CLANG_WARN_OBJC_IMPLICIT_RETAIN_SELF = YES;
				CLANG_WARN_OBJC_LITERAL_CONVERSION = YES;
				CLANG_WARN_OBJC_ROOT_CLASS = YES_ERROR;
				CLANG_WARN_QUOTED_INCLUDE_IN_FRAMEWORK_HEADER = YES;
				CLANG_WARN_RANGE_LOOP_ANALYSIS = YES;
				CLANG_WARN_STRICT_PROTOTYPES = YES;
				CLANG_WARN_SUSPICIOUS_MOVE = YES;
				CLANG_WARN_UNGUARDED_AVAILABILITY = YES_AGGRESSIVE;
				CLANG_WARN_UNREACHABLE_CODE = YES;
				CLANG_WARN__DUPLICATE_METHOD_MATCH = YES;
				COPY_PHASE_STRIP = NO;
				DEBUG_INFORMATION_FORMAT = "dwarf-with-dsym";
				ENABLE_NS_ASSERTIONS = NO;
				ENABLE_STRICT_OBJC_MSGSEND = YES;
				ENABLE_USER_SCRIPT_SANDBOXING = YES;
				GCC_C_LANGUAGE_STANDARD = gnu17;
				GCC_NO_COMMON_BLOCKS = YES;
				GCC_WARN_64_TO_32_BIT_CONVERSION = YES;
				GCC_WARN_ABOUT_RETURN_TYPE = YES_ERROR;
				GCC_WARN_UNDECLARED_SELECTOR = YES;
				GCC_WARN_UNINITIALIZED_AUTOS = YES_AGGRESSIVE;
				GCC_WARN_UNUSED_FUNCTION = YES;
				GCC_WARN_UNUSED_VARIABLE = YES;
				IPHONEOS_DEPLOYMENT_TARGET = 18.0;
				LOCALIZATION_PREFERS_STRING_CATALOGS = YES;
				MTL_ENABLE_DEBUG_INFO = NO;
				MTL_FAST_MATH = YES;
				SDKROOT = iphoneos;
				SWIFT_COMPILATION_MODE = wholemodule;
				VALIDATE_PRODUCT = YES;
			};
			name = Release;
		};
		A27378702CDE4BD100EFB230 /* Debug */ = {
			isa = XCBuildConfiguration;
			buildSettings = {
				ASSETCATALOG_COMPILER_APPICON_NAME = AppIcon;
				ASSETCATALOG_COMPILER_GLOBAL_ACCENT_COLOR_NAME = AccentColor;
				CODE_SIGN_STYLE = Automatic;
				CURRENT_PROJECT_VERSION = 1;
				DEVELOPMENT_ASSET_PATHS = "\"wispr/Preview Content\"";
				DEVELOPMENT_TEAM = 28PK8QN487;
				ENABLE_PREVIEWS = YES;
				GENERATE_INFOPLIST_FILE = YES;
				INFOPLIST_FILE = wispr/Info.plist;
				INFOPLIST_KEY_NSCalendarsUsageDescription = "Request calendar access to add, read and modify events";
				INFOPLIST_KEY_UIApplicationSceneManifest_Generation = YES;
				INFOPLIST_KEY_UIApplicationSupportsIndirectInputEvents = YES;
				INFOPLIST_KEY_UILaunchScreen_Generation = YES;
				INFOPLIST_KEY_UISupportedInterfaceOrientations_iPad = "UIInterfaceOrientationPortrait UIInterfaceOrientationPortraitUpsideDown UIInterfaceOrientationLandscapeLeft UIInterfaceOrientationLandscapeRight";
				INFOPLIST_KEY_UISupportedInterfaceOrientations_iPhone = "UIInterfaceOrientationPortrait UIInterfaceOrientationLandscapeLeft UIInterfaceOrientationLandscapeRight";
				LD_RUNPATH_SEARCH_PATHS = (
					"$(inherited)",
					"@executable_path/Frameworks",
				);
				MARKETING_VERSION = 1.0;
				PRODUCT_BUNDLE_IDENTIFIER = punk.systems.wispr;
				PRODUCT_NAME = "$(TARGET_NAME)";
				SWIFT_EMIT_LOC_STRINGS = YES;
				SWIFT_VERSION = 5.0;
				TARGETED_DEVICE_FAMILY = "1,2";
			};
			name = Debug;
		};
		A27378712CDE4BD100EFB230 /* Release */ = {
			isa = XCBuildConfiguration;
			buildSettings = {
				ASSETCATALOG_COMPILER_APPICON_NAME = AppIcon;
				ASSETCATALOG_COMPILER_GLOBAL_ACCENT_COLOR_NAME = AccentColor;
				CODE_SIGN_STYLE = Automatic;
				CURRENT_PROJECT_VERSION = 1;
				DEVELOPMENT_ASSET_PATHS = "\"wispr/Preview Content\"";
				DEVELOPMENT_TEAM = 28PK8QN487;
				ENABLE_PREVIEWS = YES;
				GENERATE_INFOPLIST_FILE = YES;
				INFOPLIST_FILE = wispr/Info.plist;
				INFOPLIST_KEY_NSCalendarsUsageDescription = "Request calendar access to add, read and modify events";
				INFOPLIST_KEY_UIApplicationSceneManifest_Generation = YES;
				INFOPLIST_KEY_UIApplicationSupportsIndirectInputEvents = YES;
				INFOPLIST_KEY_UILaunchScreen_Generation = YES;
				INFOPLIST_KEY_UISupportedInterfaceOrientations_iPad = "UIInterfaceOrientationPortrait UIInterfaceOrientationPortraitUpsideDown UIInterfaceOrientationLandscapeLeft UIInterfaceOrientationLandscapeRight";
				INFOPLIST_KEY_UISupportedInterfaceOrientations_iPhone = "UIInterfaceOrientationPortrait UIInterfaceOrientationLandscapeLeft UIInterfaceOrientationLandscapeRight";
				LD_RUNPATH_SEARCH_PATHS = (
					"$(inherited)",
					"@executable_path/Frameworks",
				);
				MARKETING_VERSION = 1.0;
				PRODUCT_BUNDLE_IDENTIFIER = punk.systems.wispr;
				PRODUCT_NAME = "$(TARGET_NAME)";
				SWIFT_EMIT_LOC_STRINGS = YES;
				SWIFT_VERSION = 5.0;
				TARGETED_DEVICE_FAMILY = "1,2";
			};
			name = Release;
		};
		A27378732CDE4BD100EFB230 /* Debug */ = {
			isa = XCBuildConfiguration;
			buildSettings = {
				BUNDLE_LOADER = "$(TEST_HOST)";
				CODE_SIGN_STYLE = Automatic;
				CURRENT_PROJECT_VERSION = 1;
				DEVELOPMENT_TEAM = 28PK8QN487;
				GENERATE_INFOPLIST_FILE = YES;
				IPHONEOS_DEPLOYMENT_TARGET = 18.0;
				MARKETING_VERSION = 1.0;
				PRODUCT_BUNDLE_IDENTIFIER = punk.systems.wisprTests;
				PRODUCT_NAME = "$(TARGET_NAME)";
				SWIFT_EMIT_LOC_STRINGS = NO;
				SWIFT_VERSION = 5.0;
				TARGETED_DEVICE_FAMILY = "1,2";
				TEST_HOST = "$(BUILT_PRODUCTS_DIR)/wispr.app/$(BUNDLE_EXECUTABLE_FOLDER_PATH)/wispr";
			};
			name = Debug;
		};
		A27378742CDE4BD100EFB230 /* Release */ = {
			isa = XCBuildConfiguration;
			buildSettings = {
				BUNDLE_LOADER = "$(TEST_HOST)";
				CODE_SIGN_STYLE = Automatic;
				CURRENT_PROJECT_VERSION = 1;
				DEVELOPMENT_TEAM = 28PK8QN487;
				GENERATE_INFOPLIST_FILE = YES;
				IPHONEOS_DEPLOYMENT_TARGET = 18.0;
				MARKETING_VERSION = 1.0;
				PRODUCT_BUNDLE_IDENTIFIER = punk.systems.wisprTests;
				PRODUCT_NAME = "$(TARGET_NAME)";
				SWIFT_EMIT_LOC_STRINGS = NO;
				SWIFT_VERSION = 5.0;
				TARGETED_DEVICE_FAMILY = "1,2";
				TEST_HOST = "$(BUILT_PRODUCTS_DIR)/wispr.app/$(BUNDLE_EXECUTABLE_FOLDER_PATH)/wispr";
			};
			name = Release;
		};
		A27378762CDE4BD100EFB230 /* Debug */ = {
			isa = XCBuildConfiguration;
			buildSettings = {
				CODE_SIGN_STYLE = Automatic;
				CURRENT_PROJECT_VERSION = 1;
				DEVELOPMENT_TEAM = 28PK8QN487;
				GENERATE_INFOPLIST_FILE = YES;
				MARKETING_VERSION = 1.0;
				PRODUCT_BUNDLE_IDENTIFIER = punk.systems.wisprUITests;
				PRODUCT_NAME = "$(TARGET_NAME)";
				SWIFT_EMIT_LOC_STRINGS = NO;
				SWIFT_VERSION = 5.0;
				TARGETED_DEVICE_FAMILY = "1,2";
				TEST_TARGET_NAME = wispr;
			};
			name = Debug;
		};
		A27378772CDE4BD100EFB230 /* Release */ = {
			isa = XCBuildConfiguration;
			buildSettings = {
				CODE_SIGN_STYLE = Automatic;
				CURRENT_PROJECT_VERSION = 1;
				DEVELOPMENT_TEAM = 28PK8QN487;
				GENERATE_INFOPLIST_FILE = YES;
				MARKETING_VERSION = 1.0;
				PRODUCT_BUNDLE_IDENTIFIER = punk.systems.wisprUITests;
				PRODUCT_NAME = "$(TARGET_NAME)";
				SWIFT_EMIT_LOC_STRINGS = NO;
				SWIFT_VERSION = 5.0;
				TARGETED_DEVICE_FAMILY = "1,2";
				TEST_TARGET_NAME = wispr;
			};
			name = Release;
		};
/* End XCBuildConfiguration section */

/* Begin XCConfigurationList section */
		A27378442CDE4BD000EFB230 /* Build configuration list for PBXProject "wispr" */ = {
			isa = XCConfigurationList;
			buildConfigurations = (
				A273786D2CDE4BD100EFB230 /* Debug */,
				A273786E2CDE4BD100EFB230 /* Release */,
			);
			defaultConfigurationIsVisible = 0;
			defaultConfigurationName = Release;
		};
		A273786F2CDE4BD100EFB230 /* Build configuration list for PBXNativeTarget "wispr" */ = {
			isa = XCConfigurationList;
			buildConfigurations = (
				A27378702CDE4BD100EFB230 /* Debug */,
				A27378712CDE4BD100EFB230 /* Release */,
			);
			defaultConfigurationIsVisible = 0;
			defaultConfigurationName = Release;
		};
		A27378722CDE4BD100EFB230 /* Build configuration list for PBXNativeTarget "wisprTests" */ = {
			isa = XCConfigurationList;
			buildConfigurations = (
				A27378732CDE4BD100EFB230 /* Debug */,
				A27378742CDE4BD100EFB230 /* Release */,
			);
			defaultConfigurationIsVisible = 0;
			defaultConfigurationName = Release;
		};
		A27378752CDE4BD100EFB230 /* Build configuration list for PBXNativeTarget "wisprUITests" */ = {
			isa = XCConfigurationList;
			buildConfigurations = (
				A27378762CDE4BD100EFB230 /* Debug */,
				A27378772CDE4BD100EFB230 /* Release */,
			);
			defaultConfigurationIsVisible = 0;
			defaultConfigurationName = Release;
		};
/* End XCConfigurationList section */
	};
	rootObject = A27378412CDE4BD000EFB230 /* Project object */;
}
